
Microsoft Visual Studio Solution File, Format Version 12.00
# Visual Studio Version 16
VisualStudioVersion = 16.0.31702.278
MinimumVisualStudioVersion = 10.0.40219.1
Project("{F184B08F-C81C-45F6-A57F-5ABD9991F28F}") = "ShiftOS-TheRevival", "ShiftOS-TheRevival\ShiftOS-TheRevival.vbproj", "{63D3B7A6-0A50-4F34-802E-134F6106BF45}"
EndProject
Global
	GlobalSection(SolutionConfigurationPlatforms) = preSolution
		Debug|Any CPU = Debug|Any CPU
		Release|Any CPU = Release|Any CPU
	EndGlobalSection
	GlobalSection(ProjectConfigurationPlatforms) = postSolution
		{63D3B7A6-0A50-4F34-802E-134F6106BF45}.Debug|Any CPU.ActiveCfg = Debug|Any CPU
		{63D3B7A6-0A50-4F34-802E-134F6106BF45}.Debug|Any CPU.Build.0 = Debug|Any CPU
		{63D3B7A6-0A50-4F34-802E-134F6106BF45}.Release|Any CPU.ActiveCfg = Release|Any CPU
		{63D3B7A6-0A50-4F34-802E-134F6106BF45}.Release|Any CPU.Build.0 = Release|Any CPU
	EndGlobalSection
	GlobalSection(SolutionProperties) = preSolution
		HideSolutionNode = FALSE
	EndGlobalSection
	GlobalSection(ExtensibilityGlobals) = postSolution
		SolutionGuid = {14C96996-EA36-4E97-AE67-CC7EF6CF6F30}
	EndGlobalSection
EndGlobal
